// !$*UTF8*$!
{
	archiveVersion = 1;
	classes = {
	};
	objectVersion = 46;
	objects = {

/* Begin PBXBuildFile section */
		5BC05F6E21FFB8D2003B5040 /* AppDelegate.swift in Sources */ = {isa = PBXBuildFile; fileRef = 5BC05F6D21FFB8D2003B5040 /* AppDelegate.swift */; };
		5BC05F7021FFB8D2003B5040 /* ViewController.swift in Sources */ = {isa = PBXBuildFile; fileRef = 5BC05F6F21FFB8D2003B5040 /* ViewController.swift */; };
		5BC05F7321FFB8D2003B5040 /* Main.storyboard in Resources */ = {isa = PBXBuildFile; fileRef = 5BC05F7121FFB8D2003B5040 /* Main.storyboard */; };
		5BC05F7521FFB8D2003B5040 /* Assets.xcassets in Resources */ = {isa = PBXBuildFile; fileRef = 5BC05F7421FFB8D2003B5040 /* Assets.xcassets */; };
		5BC05F7821FFB8D2003B5040 /* LaunchScreen.storyboard in Resources */ = {isa = PBXBuildFile; fileRef = 5BC05F7621FFB8D2003B5040 /* LaunchScreen.storyboard */; };
		5BC05F8321FFB8D2003B5040 /* FlixTests.swift in Sources */ = {isa = PBXBuildFile; fileRef = 5BC05F8221FFB8D2003B5040 /* FlixTests.swift */; };
		5BC05F8E21FFB8D2003B5040 /* FlixUITests.swift in Sources */ = {isa = PBXBuildFile; fileRef = 5BC05F8D21FFB8D2003B5040 /* FlixUITests.swift */; };
		5BC05F9C22079B56003B5040 /* MoviesViewController.swift in Sources */ = {isa = PBXBuildFile; fileRef = 5BC05F9B22079B56003B5040 /* MoviesViewController.swift */; };
		5BC05F9E22081483003B5040 /* MovieCell.swift in Sources */ = {isa = PBXBuildFile; fileRef = 5BC05F9D22081483003B5040 /* MovieCell.swift */; };
		8D174A0EE937BE302F1E1C70 /* Pods_Flix.framework in Frameworks */ = {isa = PBXBuildFile; fileRef = E4C664BAF0AABD02F669C18C /* Pods_Flix.framework */; };
		BD8677B2462C364F141C4CDE /* Pods_FlixUITests.framework in Frameworks */ = {isa = PBXBuildFile; fileRef = 54583C4CA2D90A71F31C6218 /* Pods_FlixUITests.framework */; };
		DF85491766EE09B3B6B9665B /* Pods_FlixTests.framework in Frameworks */ = {isa = PBXBuildFile; fileRef = 0176497AED458642295A88BE /* Pods_FlixTests.framework */; };
/* End PBXBuildFile section */

/* Begin PBXContainerItemProxy section */
		5BC05F7F21FFB8D2003B5040 /* PBXContainerItemProxy */ = {
			isa = PBXContainerItemProxy;
			containerPortal = 5BC05F6221FFB8D1003B5040 /* Project object */;
			proxyType = 1;
			remoteGlobalIDString = 5BC05F6921FFB8D1003B5040;
			remoteInfo = Flix;
		};
		5BC05F8A21FFB8D2003B5040 /* PBXContainerItemProxy */ = {
			isa = PBXContainerItemProxy;
			containerPortal = 5BC05F6221FFB8D1003B5040 /* Project object */;
			proxyType = 1;
			remoteGlobalIDString = 5BC05F6921FFB8D1003B5040;
			remoteInfo = Flix;
		};
/* End PBXContainerItemProxy section */

/* Begin PBXFileReference section */
		0176497AED458642295A88BE /* Pods_FlixTests.framework */ = {isa = PBXFileReference; explicitFileType = wrapper.framework; includeInIndex = 0; path = Pods_FlixTests.framework; sourceTree = BUILT_PRODUCTS_DIR; };
		3047149C5836B8233741810B /* Pods-Flix.debug.xcconfig */ = {isa = PBXFileReference; includeInIndex = 1; lastKnownFileType = text.xcconfig; name = "Pods-Flix.debug.xcconfig"; path = "Pods/Target Support Files/Pods-Flix/Pods-Flix.debug.xcconfig"; sourceTree = "<group>"; };
		54583C4CA2D90A71F31C6218 /* Pods_FlixUITests.framework */ = {isa = PBXFileReference; explicitFileType = wrapper.framework; includeInIndex = 0; path = Pods_FlixUITests.framework; sourceTree = BUILT_PRODUCTS_DIR; };
		5BC05F6A21FFB8D2003B5040 /* Flix.app */ = {isa = PBXFileReference; explicitFileType = wrapper.application; includeInIndex = 0; path = Flix.app; sourceTree = BUILT_PRODUCTS_DIR; };
		5BC05F6D21FFB8D2003B5040 /* AppDelegate.swift */ = {isa = PBXFileReference; lastKnownFileType = sourcecode.swift; path = AppDelegate.swift; sourceTree = "<group>"; };
		5BC05F6F21FFB8D2003B5040 /* ViewController.swift */ = {isa = PBXFileReference; lastKnownFileType = sourcecode.swift; path = ViewController.swift; sourceTree = "<group>"; };
		5BC05F7221FFB8D2003B5040 /* Base */ = {isa = PBXFileReference; lastKnownFileType = file.storyboard; name = Base; path = Base.lproj/Main.storyboard; sourceTree = "<group>"; };
		5BC05F7421FFB8D2003B5040 /* Assets.xcassets */ = {isa = PBXFileReference; lastKnownFileType = folder.assetcatalog; path = Assets.xcassets; sourceTree = "<group>"; };
		5BC05F7721FFB8D2003B5040 /* Base */ = {isa = PBXFileReference; lastKnownFileType = file.storyboard; name = Base; path = Base.lproj/LaunchScreen.storyboard; sourceTree = "<group>"; };
		5BC05F7921FFB8D2003B5040 /* Info.plist */ = {isa = PBXFileReference; lastKnownFileType = text.plist.xml; path = Info.plist; sourceTree = "<group>"; };
		5BC05F7E21FFB8D2003B5040 /* FlixTests.xctest */ = {isa = PBXFileReference; explicitFileType = wrapper.cfbundle; includeInIndex = 0; path = FlixTests.xctest; sourceTree = BUILT_PRODUCTS_DIR; };
		5BC05F8221FFB8D2003B5040 /* FlixTests.swift */ = {isa = PBXFileReference; lastKnownFileType = sourcecode.swift; path = FlixTests.swift; sourceTree = "<group>"; };
		5BC05F8421FFB8D2003B5040 /* Info.plist */ = {isa = PBXFileReference; lastKnownFileType = text.plist.xml; path = Info.plist; sourceTree = "<group>"; };
		5BC05F8921FFB8D2003B5040 /* FlixUITests.xctest */ = {isa = PBXFileReference; explicitFileType = wrapper.cfbundle; includeInIndex = 0; path = FlixUITests.xctest; sourceTree = BUILT_PRODUCTS_DIR; };
		5BC05F8D21FFB8D2003B5040 /* FlixUITests.swift */ = {isa = PBXFileReference; lastKnownFileType = sourcecode.swift; path = FlixUITests.swift; sourceTree = "<group>"; };
		5BC05F8F21FFB8D2003B5040 /* Info.plist */ = {isa = PBXFileReference; lastKnownFileType = text.plist.xml; path = Info.plist; sourceTree = "<group>"; };
		5BC05F9B22079B56003B5040 /* MoviesViewController.swift */ = {isa = PBXFileReference; fileEncoding = 4; lastKnownFileType = sourcecode.swift; path = MoviesViewController.swift; sourceTree = "<group>"; };
		5BC05F9D22081483003B5040 /* MovieCell.swift */ = {isa = PBXFileReference; fileEncoding = 4; lastKnownFileType = sourcecode.swift; path = MovieCell.swift; sourceTree = "<group>"; };
		5D6A6681B7624BCF45D6F593 /* Pods-FlixUITests.debug.xcconfig */ = {isa = PBXFileReference; includeInIndex = 1; lastKnownFileType = text.xcconfig; name = "Pods-FlixUITests.debug.xcconfig"; path = "Pods/Target Support Files/Pods-FlixUITests/Pods-FlixUITests.debug.xcconfig"; sourceTree = "<group>"; };
		85CA03A04C9863A71510F649 /* Pods-FlixTests.release.xcconfig */ = {isa = PBXFileReference; includeInIndex = 1; lastKnownFileType = text.xcconfig; name = "Pods-FlixTests.release.xcconfig"; path = "Pods/Target Support Files/Pods-FlixTests/Pods-FlixTests.release.xcconfig"; sourceTree = "<group>"; };
		8ED3B2C7D44E61B0DEF9AC90 /* Pods-FlixUITests.release.xcconfig */ = {isa = PBXFileReference; includeInIndex = 1; lastKnownFileType = text.xcconfig; name = "Pods-FlixUITests.release.xcconfig"; path = "Pods/Target Support Files/Pods-FlixUITests/Pods-FlixUITests.release.xcconfig"; sourceTree = "<group>"; };
		93690CDABCD0BAE37C57C4C1 /* Pods-FlixTests.debug.xcconfig */ = {isa = PBXFileReference; includeInIndex = 1; lastKnownFileType = text.xcconfig; name = "Pods-FlixTests.debug.xcconfig"; path = "Pods/Target Support Files/Pods-FlixTests/Pods-FlixTests.debug.xcconfig"; sourceTree = "<group>"; };
		AD2BA304B50CFC1DC2F4E9C9 /* Pods-Flix.release.xcconfig */ = {isa = PBXFileReference; includeInIndex = 1; lastKnownFileType = text.xcconfig; name = "Pods-Flix.release.xcconfig"; path = "Pods/Target Support Files/Pods-Flix/Pods-Flix.release.xcconfig"; sourceTree = "<group>"; };
		E4C664BAF0AABD02F669C18C /* Pods_Flix.framework */ = {isa = PBXFileReference; explicitFileType = wrapper.framework; includeInIndex = 0; path = Pods_Flix.framework; sourceTree = BUILT_PRODUCTS_DIR; };
/* End PBXFileReference section */

/* Begin PBXFrameworksBuildPhase section */
		5BC05F6721FFB8D1003B5040 /* Frameworks */ = {
			isa = PBXFrameworksBuildPhase;
			buildActionMask = 2147483647;
			files = (
				8D174A0EE937BE302F1E1C70 /* Pods_Flix.framework in Frameworks */,
			);
			runOnlyForDeploymentPostprocessing = 0;
		};
		5BC05F7B21FFB8D2003B5040 /* Frameworks */ = {
			isa = PBXFrameworksBuildPhase;
			buildActionMask = 2147483647;
			files = (
				DF85491766EE09B3B6B9665B /* Pods_FlixTests.framework in Frameworks */,
			);
			runOnlyForDeploymentPostprocessing = 0;
		};
		5BC05F8621FFB8D2003B5040 /* Frameworks */ = {
			isa = PBXFrameworksBuildPhase;
			buildActionMask = 2147483647;
			files = (
				BD8677B2462C364F141C4CDE /* Pods_FlixUITests.framework in Frameworks */,
			);
			runOnlyForDeploymentPostprocessing = 0;
		};
/* End PBXFrameworksBuildPhase section */

/* Begin PBXGroup section */
		5BC05F6121FFB8D1003B5040 = {
			isa = PBXGroup;
			children = (
				5BC05F6C21FFB8D2003B5040 /* Flix */,
				5BC05F8121FFB8D2003B5040 /* FlixTests */,
				5BC05F8C21FFB8D2003B5040 /* FlixUITests */,
				5BC05F6B21FFB8D2003B5040 /* Products */,
				C85D4D31288CFE2A21382A8D /* Pods */,
				9ECA0B7D63F6BA851169AE07 /* Frameworks */,
			);
			sourceTree = "<group>";
		};
		5BC05F6B21FFB8D2003B5040 /* Products */ = {
			isa = PBXGroup;
			children = (
				5BC05F6A21FFB8D2003B5040 /* Flix.app */,
				5BC05F7E21FFB8D2003B5040 /* FlixTests.xctest */,
				5BC05F8921FFB8D2003B5040 /* FlixUITests.xctest */,
			);
			name = Products;
			sourceTree = "<group>";
		};
		5BC05F6C21FFB8D2003B5040 /* Flix */ = {
			isa = PBXGroup;
			children = (
				5BC05F6D21FFB8D2003B5040 /* AppDelegate.swift */,
				5BC05F6F21FFB8D2003B5040 /* ViewController.swift */,
				5BC05F7121FFB8D2003B5040 /* Main.storyboard */,
				5BC05F7421FFB8D2003B5040 /* Assets.xcassets */,
				5BC05F7621FFB8D2003B5040 /* LaunchScreen.storyboard */,
				5BC05F7921FFB8D2003B5040 /* Info.plist */,
				5BC05F9B22079B56003B5040 /* MoviesViewController.swift */,
				5BC05F9D22081483003B5040 /* MovieCell.swift */,
			);
			path = Flix;
			sourceTree = "<group>";
		};
		5BC05F8121FFB8D2003B5040 /* FlixTests */ = {
			isa = PBXGroup;
			children = (
				5BC05F8221FFB8D2003B5040 /* FlixTests.swift */,
				5BC05F8421FFB8D2003B5040 /* Info.plist */,
			);
			path = FlixTests;
			sourceTree = "<group>";
		};
		5BC05F8C21FFB8D2003B5040 /* FlixUITests */ = {
			isa = PBXGroup;
			children = (
				5BC05F8D21FFB8D2003B5040 /* FlixUITests.swift */,
				5BC05F8F21FFB8D2003B5040 /* Info.plist */,
			);
			path = FlixUITests;
			sourceTree = "<group>";
		};
		9ECA0B7D63F6BA851169AE07 /* Frameworks */ = {
			isa = PBXGroup;
			children = (
				E4C664BAF0AABD02F669C18C /* Pods_Flix.framework */,
				0176497AED458642295A88BE /* Pods_FlixTests.framework */,
				54583C4CA2D90A71F31C6218 /* Pods_FlixUITests.framework */,
			);
			name = Frameworks;
			sourceTree = "<group>";
		};
		C85D4D31288CFE2A21382A8D /* Pods */ = {
			isa = PBXGroup;
			children = (
				3047149C5836B8233741810B /* Pods-Flix.debug.xcconfig */,
				AD2BA304B50CFC1DC2F4E9C9 /* Pods-Flix.release.xcconfig */,
				93690CDABCD0BAE37C57C4C1 /* Pods-FlixTests.debug.xcconfig */,
				85CA03A04C9863A71510F649 /* Pods-FlixTests.release.xcconfig */,
				5D6A6681B7624BCF45D6F593 /* Pods-FlixUITests.debug.xcconfig */,
				8ED3B2C7D44E61B0DEF9AC90 /* Pods-FlixUITests.release.xcconfig */,
			);
			name = Pods;
			sourceTree = "<group>";
		};
/* End PBXGroup section */

/* Begin PBXNativeTarget section */
		5BC05F6921FFB8D1003B5040 /* Flix */ = {
			isa = PBXNativeTarget;
			buildConfigurationList = 5BC05F9221FFB8D2003B5040 /* Build configuration list for PBXNativeTarget "Flix" */;
			buildPhases = (
				B519C5E475DD9BC5E5B2FA1B /* [CP] Check Pods Manifest.lock */,
				5BC05F6621FFB8D1003B5040 /* Sources */,
				5BC05F6721FFB8D1003B5040 /* Frameworks */,
				5BC05F6821FFB8D1003B5040 /* Resources */,
				8B594EA902F7654A7D7A8382 /* [CP] Embed Pods Frameworks */,
			);
			buildRules = (
			);
			dependencies = (
			);
			name = Flix;
			productName = Flix;
			productReference = 5BC05F6A21FFB8D2003B5040 /* Flix.app */;
			productType = "com.apple.product-type.application";
		};
		5BC05F7D21FFB8D2003B5040 /* FlixTests */ = {
			isa = PBXNativeTarget;
			buildConfigurationList = 5BC05F9521FFB8D2003B5040 /* Build configuration list for PBXNativeTarget "FlixTests" */;
			buildPhases = (
				A4F61EB54C02EEEA9C22D41F /* [CP] Check Pods Manifest.lock */,
				5BC05F7A21FFB8D2003B5040 /* Sources */,
				5BC05F7B21FFB8D2003B5040 /* Frameworks */,
				5BC05F7C21FFB8D2003B5040 /* Resources */,
			);
			buildRules = (
			);
			dependencies = (
				5BC05F8021FFB8D2003B5040 /* PBXTargetDependency */,
			);
			name = FlixTests;
			productName = FlixTests;
			productReference = 5BC05F7E21FFB8D2003B5040 /* FlixTests.xctest */;
			productType = "com.apple.product-type.bundle.unit-test";
		};
		5BC05F8821FFB8D2003B5040 /* FlixUITests */ = {
			isa = PBXNativeTarget;
			buildConfigurationList = 5BC05F9821FFB8D2003B5040 /* Build configuration list for PBXNativeTarget "FlixUITests" */;
			buildPhases = (
				3BCE7AD583CB200336213DD7 /* [CP] Check Pods Manifest.lock */,
				5BC05F8521FFB8D2003B5040 /* Sources */,
				5BC05F8621FFB8D2003B5040 /* Frameworks */,
				5BC05F8721FFB8D2003B5040 /* Resources */,
			);
			buildRules = (
			);
			dependencies = (
				5BC05F8B21FFB8D2003B5040 /* PBXTargetDependency */,
			);
			name = FlixUITests;
			productName = FlixUITests;
			productReference = 5BC05F8921FFB8D2003B5040 /* FlixUITests.xctest */;
			productType = "com.apple.product-type.bundle.ui-testing";
		};
/* End PBXNativeTarget section */

/* Begin PBXProject section */
		5BC05F6221FFB8D1003B5040 /* Project object */ = {
			isa = PBXProject;
			attributes = {
				LastSwiftUpdateCheck = 0820;
				LastUpgradeCheck = 1010;
				ORGANIZATIONNAME = "Irais Gopar Osorio";
				TargetAttributes = {
					5BC05F6921FFB8D1003B5040 = {
						CreatedOnToolsVersion = 8.2.1;
						DevelopmentTeam = 5F9TB5NT9U;
						LastSwiftMigration = 1010;
						ProvisioningStyle = Automatic;
					};
					5BC05F7D21FFB8D2003B5040 = {
						CreatedOnToolsVersion = 8.2.1;
						DevelopmentTeam = 5F9TB5NT9U;
						LastSwiftMigration = 1010;
						ProvisioningStyle = Automatic;
						TestTargetID = 5BC05F6921FFB8D1003B5040;
					};
					5BC05F8821FFB8D2003B5040 = {
						CreatedOnToolsVersion = 8.2.1;
						DevelopmentTeam = 5F9TB5NT9U;
						LastSwiftMigration = 1010;
						ProvisioningStyle = Automatic;
						TestTargetID = 5BC05F6921FFB8D1003B5040;
					};
				};
			};
			buildConfigurationList = 5BC05F6521FFB8D1003B5040 /* Build configuration list for PBXProject "Flix" */;
			compatibilityVersion = "Xcode 3.2";
			developmentRegion = English;
			hasScannedForEncodings = 0;
			knownRegions = (
				en,
				Base,
			);
			mainGroup = 5BC05F6121FFB8D1003B5040;
			productRefGroup = 5BC05F6B21FFB8D2003B5040 /* Products */;
			projectDirPath = "";
			projectRoot = "";
			targets = (
				5BC05F6921FFB8D1003B5040 /* Flix */,
				5BC05F7D21FFB8D2003B5040 /* FlixTests */,
				5BC05F8821FFB8D2003B5040 /* FlixUITests */,
			);
		};
/* End PBXProject section */

/* Begin PBXResourcesBuildPhase section */
		5BC05F6821FFB8D1003B5040 /* Resources */ = {
			isa = PBXResourcesBuildPhase;
			buildActionMask = 2147483647;
			files = (
				5BC05F7821FFB8D2003B5040 /* LaunchScreen.storyboard in Resources */,
				5BC05F7521FFB8D2003B5040 /* Assets.xcassets in Resources */,
				5BC05F7321FFB8D2003B5040 /* Main.storyboard in Resources */,
			);
			runOnlyForDeploymentPostprocessing = 0;
		};
		5BC05F7C21FFB8D2003B5040 /* Resources */ = {
			isa = PBXResourcesBuildPhase;
			buildActionMask = 2147483647;
			files = (
			);
			runOnlyForDeploymentPostprocessing = 0;
		};
		5BC05F8721FFB8D2003B5040 /* Resources */ = {
			isa = PBXResourcesBuildPhase;
			buildActionMask = 2147483647;
			files = (
			);
			runOnlyForDeploymentPostprocessing = 0;
		};
/* End PBXResourcesBuildPhase section */

/* Begin PBXShellScriptBuildPhase section */
		3BCE7AD583CB200336213DD7 /* [CP] Check Pods Manifest.lock */ = {
			isa = PBXShellScriptBuildPhase;
			buildActionMask = 2147483647;
			files = (
			);
			inputFileListPaths = (
			);
			inputPaths = (
				"${PODS_PODFILE_DIR_PATH}/Podfile.lock",
				"${PODS_ROOT}/Manifest.lock",
			);
			name = "[CP] Check Pods Manifest.lock";
			outputFileListPaths = (
			);
			outputPaths = (
				"$(DERIVED_FILE_DIR)/Pods-FlixUITests-checkManifestLockResult.txt",
			);
			runOnlyForDeploymentPostprocessing = 0;
			shellPath = /bin/sh;
			shellScript = "diff \"${PODS_PODFILE_DIR_PATH}/Podfile.lock\" \"${PODS_ROOT}/Manifest.lock\" > /dev/null\nif [ $? != 0 ] ; then\n    # print error to STDERR\n    echo \"error: The sandbox is not in sync with the Podfile.lock. Run 'pod install' or update your CocoaPods installation.\" >&2\n    exit 1\nfi\n# This output is used by Xcode 'outputs' to avoid re-running this script phase.\necho \"SUCCESS\" > \"${SCRIPT_OUTPUT_FILE_0}\"\n";
			showEnvVarsInLog = 0;
		};
		8B594EA902F7654A7D7A8382 /* [CP] Embed Pods Frameworks */ = {
			isa = PBXShellScriptBuildPhase;
			buildActionMask = 2147483647;
			files = (
			);
			inputFileListPaths = (
			);
			inputPaths = (
				"${SRCROOT}/Pods/Target Support Files/Pods-Flix/Pods-Flix-frameworks.sh",
				"${BUILT_PRODUCTS_DIR}/Alamofire/Alamofire.framework",
				"${BUILT_PRODUCTS_DIR}/AlamofireImage/AlamofireImage.framework",
			);
			name = "[CP] Embed Pods Frameworks";
			outputFileListPaths = (
			);
			outputPaths = (
				"${TARGET_BUILD_DIR}/${FRAMEWORKS_FOLDER_PATH}/Alamofire.framework",
				"${TARGET_BUILD_DIR}/${FRAMEWORKS_FOLDER_PATH}/AlamofireImage.framework",
			);
			runOnlyForDeploymentPostprocessing = 0;
			shellPath = /bin/sh;
			shellScript = "\"${SRCROOT}/Pods/Target Support Files/Pods-Flix/Pods-Flix-frameworks.sh\"\n";
			showEnvVarsInLog = 0;
		};
		A4F61EB54C02EEEA9C22D41F /* [CP] Check Pods Manifest.lock */ = {
			isa = PBXShellScriptBuildPhase;
			buildActionMask = 2147483647;
			files = (
			);
			inputFileListPaths = (
			);
			inputPaths = (
				"${PODS_PODFILE_DIR_PATH}/Podfile.lock",
				"${PODS_ROOT}/Manifest.lock",
			);
			name = "[CP] Check Pods Manifest.lock";
			outputFileListPaths = (
			);
			outputPaths = (
				"$(DERIVED_FILE_DIR)/Pods-FlixTests-checkManifestLockResult.txt",
			);
			runOnlyForDeploymentPostprocessing = 0;
			shellPath = /bin/sh;
			shellScript = "diff \"${PODS_PODFILE_DIR_PATH}/Podfile.lock\" \"${PODS_ROOT}/Manifest.lock\" > /dev/null\nif [ $? != 0 ] ; then\n    # print error to STDERR\n    echo \"error: The sandbox is not in sync with the Podfile.lock. Run 'pod install' or update your CocoaPods installation.\" >&2\n    exit 1\nfi\n# This output is used by Xcode 'outputs' to avoid re-running this script phase.\necho \"SUCCESS\" > \"${SCRIPT_OUTPUT_FILE_0}\"\n";
			showEnvVarsInLog = 0;
		};
		B519C5E475DD9BC5E5B2FA1B /* [CP] Check Pods Manifest.lock */ = {
			isa = PBXShellScriptBuildPhase;
			buildActionMask = 2147483647;
			files = (
			);
			inputFileListPaths = (
			);
			inputPaths = (
				"${PODS_PODFILE_DIR_PATH}/Podfile.lock",
				"${PODS_ROOT}/Manifest.lock",
			);
			name = "[CP] Check Pods Manifest.lock";
			outputFileListPaths = (
			);
			outputPaths = (
				"$(DERIVED_FILE_DIR)/Pods-Flix-checkManifestLockResult.txt",
			);
			runOnlyForDeploymentPostprocessing = 0;
			shellPath = /bin/sh;
			shellScript = "diff \"${PODS_PODFILE_DIR_PATH}/Podfile.lock\" \"${PODS_ROOT}/Manifest.lock\" > /dev/null\nif [ $? != 0 ] ; then\n    # print error to STDERR\n    echo \"error: The sandbox is not in sync with the Podfile.lock. Run 'pod install' or update your CocoaPods installation.\" >&2\n    exit 1\nfi\n# This output is used by Xcode 'outputs' to avoid re-running this script phase.\necho \"SUCCESS\" > \"${SCRIPT_OUTPUT_FILE_0}\"\n";
			showEnvVarsInLog = 0;
		};
/* End PBXShellScriptBuildPhase section */

/* Begin PBXSourcesBuildPhase section */
		5BC05F6621FFB8D1003B5040 /* Sources */ = {
			isa = PBXSourcesBuildPhase;
			buildActionMask = 2147483647;
			files = (
				5BC05F7021FFB8D2003B5040 /* ViewController.swift in Sources */,
				5BC05F6E21FFB8D2003B5040 /* AppDelegate.swift in Sources */,
				5BC05F9E22081483003B5040 /* MovieCell.swift in Sources */,
				5BC05F9C22079B56003B5040 /* MoviesViewController.swift in Sources */,
			);
			runOnlyForDeploymentPostprocessing = 0;
		};
		5BC05F7A21FFB8D2003B5040 /* Sources */ = {
			isa = PBXSourcesBuildPhase;
			buildActionMask = 2147483647;
			files = (
				5BC05F8321FFB8D2003B5040 /* FlixTests.swift in Sources */,
			);
			runOnlyForDeploymentPostprocessing = 0;
		};
		5BC05F8521FFB8D2003B5040 /* Sources */ = {
			isa = PBXSourcesBuildPhase;
			buildActionMask = 2147483647;
			files = (
				5BC05F8E21FFB8D2003B5040 /* FlixUITests.swift in Sources */,
			);
			runOnlyForDeploymentPostprocessing = 0;
		};
/* End PBXSourcesBuildPhase section */

/* Begin PBXTargetDependency section */
		5BC05F8021FFB8D2003B5040 /* PBXTargetDependency */ = {
			isa = PBXTargetDependency;
			target = 5BC05F6921FFB8D1003B5040 /* Flix */;
			targetProxy = 5BC05F7F21FFB8D2003B5040 /* PBXContainerItemProxy */;
		};
		5BC05F8B21FFB8D2003B5040 /* PBXTargetDependency */ = {
			isa = PBXTargetDependency;
			target = 5BC05F6921FFB8D1003B5040 /* Flix */;
			targetProxy = 5BC05F8A21FFB8D2003B5040 /* PBXContainerItemProxy */;
		};
/* End PBXTargetDependency section */

/* Begin PBXVariantGroup section */
		5BC05F7121FFB8D2003B5040 /* Main.storyboard */ = {
			isa = PBXVariantGroup;
			children = (
				5BC05F7221FFB8D2003B5040 /* Base */,
			);
			name = Main.storyboard;
			sourceTree = "<group>";
		};
		5BC05F7621FFB8D2003B5040 /* LaunchScreen.storyboard */ = {
			isa = PBXVariantGroup;
			children = (
				5BC05F7721FFB8D2003B5040 /* Base */,
			);
			name = LaunchScreen.storyboard;
			sourceTree = "<group>";
		};
/* End PBXVariantGroup section */

/* Begin XCBuildConfiguration section */
		5BC05F9021FFB8D2003B5040 /* Debug */ = {
			isa = XCBuildConfiguration;
			buildSettings = {
				ALWAYS_SEARCH_USER_PATHS = NO;
				CLANG_ANALYZER_NONNULL = YES;
				CLANG_CXX_LANGUAGE_STANDARD = "gnu++0x";
				CLANG_CXX_LIBRARY = "libc++";
				CLANG_ENABLE_MODULES = YES;
				CLANG_ENABLE_OBJC_ARC = YES;
				CLANG_WARN_BLOCK_CAPTURE_AUTORELEASING = YES;
				CLANG_WARN_BOOL_CONVERSION = YES;
				CLANG_WARN_COMMA = YES;
				CLANG_WARN_CONSTANT_CONVERSION = YES;
				CLANG_WARN_DEPRECATED_OBJC_IMPLEMENTATIONS = YES;
				CLANG_WARN_DIRECT_OBJC_ISA_USAGE = YES_ERROR;
				CLANG_WARN_DOCUMENTATION_COMMENTS = YES;
				CLANG_WARN_EMPTY_BODY = YES;
				CLANG_WARN_ENUM_CONVERSION = YES;
				CLANG_WARN_INFINITE_RECURSION = YES;
				CLANG_WARN_INT_CONVERSION = YES;
				CLANG_WARN_NON_LITERAL_NULL_CONVERSION = YES;
				CLANG_WARN_OBJC_IMPLICIT_RETAIN_SELF = YES;
				CLANG_WARN_OBJC_LITERAL_CONVERSION = YES;
				CLANG_WARN_OBJC_ROOT_CLASS = YES_ERROR;
				CLANG_WARN_RANGE_LOOP_ANALYSIS = YES;
				CLANG_WARN_STRICT_PROTOTYPES = YES;
				CLANG_WARN_SUSPICIOUS_MOVE = YES;
				CLANG_WARN_UNREACHABLE_CODE = YES;
				CLANG_WARN__DUPLICATE_METHOD_MATCH = YES;
				"CODE_SIGN_IDENTITY[sdk=iphoneos*]" = "iPhone Developer";
				COPY_PHASE_STRIP = NO;
				DEBUG_INFORMATION_FORMAT = dwarf;
				DEVELOPMENT_TEAM = 5F9TB5NT9U;
				ENABLE_STRICT_OBJC_MSGSEND = YES;
				ENABLE_TESTABILITY = YES;
				GCC_C_LANGUAGE_STANDARD = gnu99;
				GCC_DYNAMIC_NO_PIC = NO;
				GCC_NO_COMMON_BLOCKS = YES;
				GCC_OPTIMIZATION_LEVEL = 0;
				GCC_PREPROCESSOR_DEFINITIONS = (
					"DEBUG=1",
					"$(inherited)",
				);
				GCC_WARN_64_TO_32_BIT_CONVERSION = YES;
				GCC_WARN_ABOUT_RETURN_TYPE = YES_ERROR;
				GCC_WARN_UNDECLARED_SELECTOR = YES;
				GCC_WARN_UNINITIALIZED_AUTOS = YES_AGGRESSIVE;
				GCC_WARN_UNUSED_FUNCTION = YES;
				GCC_WARN_UNUSED_VARIABLE = YES;
				IPHONEOS_DEPLOYMENT_TARGET = 10.2;
				MTL_ENABLE_DEBUG_INFO = YES;
				ONLY_ACTIVE_ARCH = YES;
				SDKROOT = iphoneos;
				SWIFT_ACTIVE_COMPILATION_CONDITIONS = DEBUG;
				SWIFT_OPTIMIZATION_LEVEL = "-Onone";
				TARGETED_DEVICE_FAMILY = "1,2";
			};
			name = Debug;
		};
		5BC05F9121FFB8D2003B5040 /* Release */ = {
			isa = XCBuildConfiguration;
			buildSettings = {
				ALWAYS_SEARCH_USER_PATHS = NO;
				CLANG_ANALYZER_NONNULL = YES;
				CLANG_CXX_LANGUAGE_STANDARD = "gnu++0x";
				CLANG_CXX_LIBRARY = "libc++";
				CLANG_ENABLE_MODULES = YES;
				CLANG_ENABLE_OBJC_ARC = YES;
				CLANG_WARN_BLOCK_CAPTURE_AUTORELEASING = YES;
				CLANG_WARN_BOOL_CONVERSION = YES;
				CLANG_WARN_COMMA = YES;
				CLANG_WARN_CONSTANT_CONVERSION = YES;
				CLANG_WARN_DEPRECATED_OBJC_IMPLEMENTATIONS = YES;
				CLANG_WARN_DIRECT_OBJC_ISA_USAGE = YES_ERROR;
				CLANG_WARN_DOCUMENTATION_COMMENTS = YES;
				CLANG_WARN_EMPTY_BODY = YES;
				CLANG_WARN_ENUM_CONVERSION = YES;
				CLANG_WARN_INFINITE_RECURSION = YES;
				CLANG_WARN_INT_CONVERSION = YES;
				CLANG_WARN_NON_LITERAL_NULL_CONVERSION = YES;
				CLANG_WARN_OBJC_IMPLICIT_RETAIN_SELF = YES;
				CLANG_WARN_OBJC_LITERAL_CONVERSION = YES;
				CLANG_WARN_OBJC_ROOT_CLASS = YES_ERROR;
				CLANG_WARN_RANGE_LOOP_ANALYSIS = YES;
				CLANG_WARN_STRICT_PROTOTYPES = YES;
				CLANG_WARN_SUSPICIOUS_MOVE = YES;
				CLANG_WARN_UNREACHABLE_CODE = YES;
				CLANG_WARN__DUPLICATE_METHOD_MATCH = YES;
				"CODE_SIGN_IDENTITY[sdk=iphoneos*]" = "iPhone Developer";
				COPY_PHASE_STRIP = NO;
				DEBUG_INFORMATION_FORMAT = "dwarf-with-dsym";
				DEVELOPMENT_TEAM = 5F9TB5NT9U;
				ENABLE_NS_ASSERTIONS = NO;
				ENABLE_STRICT_OBJC_MSGSEND = YES;
				GCC_C_LANGUAGE_STANDARD = gnu99;
				GCC_NO_COMMON_BLOCKS = YES;
				GCC_WARN_64_TO_32_BIT_CONVERSION = YES;
				GCC_WARN_ABOUT_RETURN_TYPE = YES_ERROR;
				GCC_WARN_UNDECLARED_SELECTOR = YES;
				GCC_WARN_UNINITIALIZED_AUTOS = YES_AGGRESSIVE;
				GCC_WARN_UNUSED_FUNCTION = YES;
				GCC_WARN_UNUSED_VARIABLE = YES;
				IPHONEOS_DEPLOYMENT_TARGET = 10.2;
				MTL_ENABLE_DEBUG_INFO = NO;
				SDKROOT = iphoneos;
				SWIFT_OPTIMIZATION_LEVEL = "-Owholemodule";
				TARGETED_DEVICE_FAMILY = "1,2";
				VALIDATE_PRODUCT = YES;
			};
			name = Release;
		};
		5BC05F9321FFB8D2003B5040 /* Debug */ = {
			isa = XCBuildConfiguration;
			baseConfigurationReference = 3047149C5836B8233741810B /* Pods-Flix.debug.xcconfig */;
			buildSettings = {
				ASSETCATALOG_COMPILER_APPICON_NAME = AppIcon;
				INFOPLIST_FILE = Flix/Info.plist;
				LD_RUNPATH_SEARCH_PATHS = "$(inherited) @executable_path/Frameworks";
				PRODUCT_BUNDLE_IDENTIFIER = "com.irais-Gopar.Flix";
				PRODUCT_NAME = "$(TARGET_NAME)";
				SWIFT_SWIFT3_OBJC_INFERENCE = On;
				SWIFT_VERSION = 4.2;
			};
			name = Debug;
		};
		5BC05F9421FFB8D2003B5040 /* Release */ = {
			isa = XCBuildConfiguration;
			baseConfigurationReference = AD2BA304B50CFC1DC2F4E9C9 /* Pods-Flix.release.xcconfig */;
			buildSettings = {
				ASSETCATALOG_COMPILER_APPICON_NAME = AppIcon;
				INFOPLIST_FILE = Flix/Info.plist;
				LD_RUNPATH_SEARCH_PATHS = "$(inherited) @executable_path/Frameworks";
				PRODUCT_BUNDLE_IDENTIFIER = "com.irais-Gopar.Flix";
				PRODUCT_NAME = "$(TARGET_NAME)";
				SWIFT_SWIFT3_OBJC_INFERENCE = On;
				SWIFT_VERSION = 4.2;
			};
			name = Release;
		};
		5BC05F9621FFB8D2003B5040 /* Debug */ = {
			isa = XCBuildConfiguration;
			baseConfigurationReference = 93690CDABCD0BAE37C57C4C1 /* Pods-FlixTests.debug.xcconfig */;
			buildSettings = {
				ALWAYS_EMBED_SWIFT_STANDARD_LIBRARIES = YES;
				BUNDLE_LOADER = "$(TEST_HOST)";
				INFOPLIST_FILE = FlixTests/Info.plist;
				LD_RUNPATH_SEARCH_PATHS = "$(inherited) @executable_path/Frameworks @loader_path/Frameworks";
				PRODUCT_BUNDLE_IDENTIFIER = "com.irais-Gopar.FlixTests";
				PRODUCT_NAME = "$(TARGET_NAME)";
				SWIFT_SWIFT3_OBJC_INFERENCE = On;
				SWIFT_VERSION = 4.2;
				TEST_HOST = "$(BUILT_PRODUCTS_DIR)/Flix.app/Flix";
			};
			name = Debug;
		};
		5BC05F9721FFB8D2003B5040 /* Release */ = {
			isa = XCBuildConfiguration;
			baseConfigurationReference = 85CA03A04C9863A71510F649 /* Pods-FlixTests.release.xcconfig */;
			buildSettings = {
				ALWAYS_EMBED_SWIFT_STANDARD_LIBRARIES = YES;
				BUNDLE_LOADER = "$(TEST_HOST)";
				INFOPLIST_FILE = FlixTests/Info.plist;
				LD_RUNPATH_SEARCH_PATHS = "$(inherited) @executable_path/Frameworks @loader_path/Frameworks";
				PRODUCT_BUNDLE_IDENTIFIER = "com.irais-Gopar.FlixTests";
				PRODUCT_NAME = "$(TARGET_NAME)";
				SWIFT_SWIFT3_OBJC_INFERENCE = On;
				SWIFT_VERSION = 4.2;
				TEST_HOST = "$(BUILT_PRODUCTS_DIR)/Flix.app/Flix";
			};
			name = Release;
		};
		5BC05F9921FFB8D2003B5040 /* Debug */ = {
			isa = XCBuildConfiguration;
			baseConfigurationReference = 5D6A6681B7624BCF45D6F593 /* Pods-FlixUITests.debug.xcconfig */;
			buildSettings = {
				ALWAYS_EMBED_SWIFT_STANDARD_LIBRARIES = YES;
				INFOPLIST_FILE = FlixUITests/Info.plist;
				LD_RUNPATH_SEARCH_PATHS = "$(inherited) @executable_path/Frameworks @loader_path/Frameworks";
				PRODUCT_BUNDLE_IDENTIFIER = "com.irais-Gopar.FlixUITests";
				PRODUCT_NAME = "$(TARGET_NAME)";
				SWIFT_SWIFT3_OBJC_INFERENCE = On;
				SWIFT_VERSION = 4.2;
				TEST_TARGET_NAME = Flix;
			};
			name = Debug;
		};
		5BC05F9A21FFB8D2003B5040 /* Release */ = {
			isa = XCBuildConfiguration;
			baseConfigurationReference = 8ED3B2C7D44E61B0DEF9AC90 /* Pods-FlixUITests.release.xcconfig */;
			buildSettings = {
				ALWAYS_EMBED_SWIFT_STANDARD_LIBRARIES = YES;
				INFOPLIST_FILE = FlixUITests/Info.plist;
				LD_RUNPATH_SEARCH_PATHS = "$(inherited) @executable_path/Frameworks @loader_path/Frameworks";
				PRODUCT_BUNDLE_IDENTIFIER = "com.irais-Gopar.FlixUITests";
				PRODUCT_NAME = "$(TARGET_NAME)";
				SWIFT_SWIFT3_OBJC_INFERENCE = On;
				SWIFT_VERSION = 4.2;
				TEST_TARGET_NAME = Flix;
			};
			name = Release;
		};
/* End XCBuildConfiguration section */

/* Begin XCConfigurationList section */
		5BC05F6521FFB8D1003B5040 /* Build configuration list for PBXProject "Flix" */ = {
			isa = XCConfigurationList;
			buildConfigurations = (
				5BC05F9021FFB8D2003B5040 /* Debug */,
				5BC05F9121FFB8D2003B5040 /* Release */,
			);
			defaultConfigurationIsVisible = 0;
			defaultConfigurationName = Release;
		};
		5BC05F9221FFB8D2003B5040 /* Build configuration list for PBXNativeTarget "Flix" */ = {
			isa = XCConfigurationList;
			buildConfigurations = (
				5BC05F9321FFB8D2003B5040 /* Debug */,
				5BC05F9421FFB8D2003B5040 /* Release */,
			);
			defaultConfigurationIsVisible = 0;
			defaultConfigurationName = Release;
		};
		5BC05F9521FFB8D2003B5040 /* Build configuration list for PBXNativeTarget "FlixTests" */ = {
			isa = XCConfigurationList;
			buildConfigurations = (
				5BC05F9621FFB8D2003B5040 /* Debug */,
				5BC05F9721FFB8D2003B5040 /* Release */,
			);
			defaultConfigurationIsVisible = 0;
			defaultConfigurationName = Release;
		};
		5BC05F9821FFB8D2003B5040 /* Build configuration list for PBXNativeTarget "FlixUITests" */ = {
			isa = XCConfigurationList;
			buildConfigurations = (
				5BC05F9921FFB8D2003B5040 /* Debug */,
				5BC05F9A21FFB8D2003B5040 /* Release */,
			);
			defaultConfigurationIsVisible = 0;
			defaultConfigurationName = Release;
		};
/* End XCConfigurationList section */
	};
	rootObject = 5BC05F6221FFB8D1003B5040 /* Project object */;
}
